
Microsoft Visual Studio Solution File, Format Version 12.00
# Visual Studio 14
VisualStudioVersion = 14.0.25123.0
MinimumVisualStudioVersion = 10.0.40219.1
Project("{14BDAE90-C8CB-4B10-A742-FD9BF5EA57F3}") = "Sitecore.Support.120848", "Sitecore.Support.120848\Sitecore.Support.120848.csproj", "{1DDDB2AC-9DEE-461F-BE65-AC242284281A}"
EndProject
Global
	GlobalSection(SolutionConfigurationPlatforms) = preSolution
		Debug|Any CPU = Debug|Any CPU
		Release|Any CPU = Release|Any CPU
	EndGlobalSection
	GlobalSection(ProjectConfigurationPlatforms) = postSolution
		{1DDDB2AC-9DEE-461F-BE65-AC242284281A}.Debug|Any CPU.ActiveCfg = Debug|Any CPU
		{1DDDB2AC-9DEE-461F-BE65-AC242284281A}.Debug|Any CPU.Build.0 = Debug|Any CPU
		{1DDDB2AC-9DEE-461F-BE65-AC242284281A}.Release|Any CPU.ActiveCfg = Release|Any CPU
		{1DDDB2AC-9DEE-461F-BE65-AC242284281A}.Release|Any CPU.Build.0 = Release|Any CPU
	EndGlobalSection
	GlobalSection(SolutionProperties) = preSolution
		HideSolutionNode = FALSE
	EndGlobalSection
EndGlobal
